
Microsoft Visual Studio Solution File, Format Version 12.00
# Visual Studio Version 17
VisualStudioVersion = 17.2.32505.173
MinimumVisualStudioVersion = 10.0.40219.1
Project("{9A19103F-16F7-4668-BE54-9A1E7A4F7556}") = "LoginPractica", "LoginPractica.csproj", "{BDD19F21-0C52-48DE-974F-8AA78332CDB6}"
EndProject
Global
	GlobalSection(SolutionConfigurationPlatforms) = preSolution
		Debug|Any CPU = Debug|Any CPU
		Release|Any CPU = Release|Any CPU
	EndGlobalSection
	GlobalSection(ProjectConfigurationPlatforms) = postSolution
		{BDD19F21-0C52-48DE-974F-8AA78332CDB6}.Debug|Any CPU.ActiveCfg = Debug|Any CPU
		{BDD19F21-0C52-48DE-974F-8AA78332CDB6}.Debug|Any CPU.Build.0 = Debug|Any CPU
		{BDD19F21-0C52-48DE-974F-8AA78332CDB6}.Release|Any CPU.ActiveCfg = Release|Any CPU
		{BDD19F21-0C52-48DE-974F-8AA78332CDB6}.Release|Any CPU.Build.0 = Release|Any CPU
	EndGlobalSection
	GlobalSection(SolutionProperties) = preSolution
		HideSolutionNode = FALSE
	EndGlobalSection
	GlobalSection(ExtensibilityGlobals) = postSolution
		SolutionGuid = {58800873-900D-4A85-B656-5AEC57E3A283}
	EndGlobalSection
EndGlobal
